
Microsoft Visual Studio Solution File, Format Version 12.00
Project("{FAE04EC0-301F-11D3-BF4B-00C04F79EFBC}") = "SignalRClient", "SignalRClient\SignalRClient.csproj", "{A8054EDB-0C80-4831-8AD1-5ACA7E6E7830}"
EndProject
Project("{FAE04EC0-301F-11D3-BF4B-00C04F79EFBC}") = "SignalRClientSample", "SignalRClientSample\SignalRClientSample.csproj", "{7F6715B6-D1A9-447B-905A-1D3044491BEA}"
EndProject
Global
	GlobalSection(SolutionConfigurationPlatforms) = preSolution
		Debug|Any CPU = Debug|Any CPU
		Release|Any CPU = Release|Any CPU
	EndGlobalSection
	GlobalSection(ProjectConfigurationPlatforms) = postSolution
		{A8054EDB-0C80-4831-8AD1-5ACA7E6E7830}.Debug|Any CPU.ActiveCfg = Debug|Any CPU
		{A8054EDB-0C80-4831-8AD1-5ACA7E6E7830}.Debug|Any CPU.Build.0 = Debug|Any CPU
		{A8054EDB-0C80-4831-8AD1-5ACA7E6E7830}.Release|Any CPU.ActiveCfg = Release|Any CPU
		{A8054EDB-0C80-4831-8AD1-5ACA7E6E7830}.Release|Any CPU.Build.0 = Release|Any CPU
		{7F6715B6-D1A9-447B-905A-1D3044491BEA}.Debug|Any CPU.ActiveCfg = Debug|Any CPU
		{7F6715B6-D1A9-447B-905A-1D3044491BEA}.Debug|Any CPU.Build.0 = Debug|Any CPU
		{7F6715B6-D1A9-447B-905A-1D3044491BEA}.Release|Any CPU.ActiveCfg = Release|Any CPU
		{7F6715B6-D1A9-447B-905A-1D3044491BEA}.Release|Any CPU.Build.0 = Release|Any CPU
	EndGlobalSection
EndGlobal
